// !$*UTF8*$!
{
	archiveVersion = 1;
	classes = {
	};
	objectVersion = 56;
	objects = {

/* Begin PBXBuildFile section */
		9F17B4472A17AFA3005B2262 /* AppDelegate.swift in Sources */ = {isa = PBXBuildFile; fileRef = 9F17B4462A17AFA3005B2262 /* AppDelegate.swift */; };
		9F17B4492A17AFA3005B2262 /* SceneDelegate.swift in Sources */ = {isa = PBXBuildFile; fileRef = 9F17B4482A17AFA3005B2262 /* SceneDelegate.swift */; };
		9F17B44B2A17AFA3005B2262 /* ViewController.swift in Sources */ = {isa = PBXBuildFile; fileRef = 9F17B44A2A17AFA3005B2262 /* ViewController.swift */; };
		9F17B44E2A17AFA3005B2262 /* Main.storyboard in Resources */ = {isa = PBXBuildFile; fileRef = 9F17B44C2A17AFA3005B2262 /* Main.storyboard */; };
		9F17B4502A17AFA4005B2262 /* Assets.xcassets in Resources */ = {isa = PBXBuildFile; fileRef = 9F17B44F2A17AFA4005B2262 /* Assets.xcassets */; };
		9F17B4532A17AFA4005B2262 /* LaunchScreen.storyboard in Resources */ = {isa = PBXBuildFile; fileRef = 9F17B4512A17AFA4005B2262 /* LaunchScreen.storyboard */; };
		9F17B4672A191413005B2262 /* APIKey.swift in Sources */ = {isa = PBXBuildFile; fileRef = 9F17B4662A191413005B2262 /* APIKey.swift */; };
		9F17B4692A1B3081005B2262 /* HotPepperAPIService.swift in Sources */ = {isa = PBXBuildFile; fileRef = 9F17B4682A1B3081005B2262 /* HotPepperAPIService.swift */; };
		9F17B46B2A1B3477005B2262 /* GourmetResponse.swift in Sources */ = {isa = PBXBuildFile; fileRef = 9F17B46A2A1B3477005B2262 /* GourmetResponse.swift */; };
		9F17B46D2A1B3CF6005B2262 /* APIError.swift in Sources */ = {isa = PBXBuildFile; fileRef = 9F17B46C2A1B3CF6005B2262 /* APIError.swift */; };
		9F17B46F2A1C729D005B2262 /* LocationManager.swift in Sources */ = {isa = PBXBuildFile; fileRef = 9F17B46E2A1C729D005B2262 /* LocationManager.swift */; };
		9F17B4752A1CAE12005B2262 /* RestaurantCustomCell.swift in Sources */ = {isa = PBXBuildFile; fileRef = 9F17B4742A1CAE12005B2262 /* RestaurantCustomCell.swift */; };
		9F17B4782A1CAE4B005B2262 /* RestaurantCustomCell.xib in Resources */ = {isa = PBXBuildFile; fileRef = 9F17B4772A1CAE4B005B2262 /* RestaurantCustomCell.xib */; };
		9F17B47B2A1E6C38005B2262 /* Nuke in Frameworks */ = {isa = PBXBuildFile; productRef = 9F17B47A2A1E6C38005B2262 /* Nuke */; };
		9F17B47D2A1E6C38005B2262 /* NukeExtensions in Frameworks */ = {isa = PBXBuildFile; productRef = 9F17B47C2A1E6C38005B2262 /* NukeExtensions */; };
		9F17B47F2A1E6C38005B2262 /* NukeUI in Frameworks */ = {isa = PBXBuildFile; productRef = 9F17B47E2A1E6C38005B2262 /* NukeUI */; };
		9FF0FE992A1FAE8C00280699 /* UIAlertControllerswift.swift in Sources */ = {isa = PBXBuildFile; fileRef = 9FF0FE982A1FAE8C00280699 /* UIAlertControllerswift.swift */; };
/* End PBXBuildFile section */

/* Begin PBXFileReference section */
		9F17B4432A17AFA3005B2262 /* RestaurantSearchApp.app */ = {isa = PBXFileReference; explicitFileType = wrapper.application; includeInIndex = 0; path = RestaurantSearchApp.app; sourceTree = BUILT_PRODUCTS_DIR; };
		9F17B4462A17AFA3005B2262 /* AppDelegate.swift */ = {isa = PBXFileReference; lastKnownFileType = sourcecode.swift; path = AppDelegate.swift; sourceTree = "<group>"; };
		9F17B4482A17AFA3005B2262 /* SceneDelegate.swift */ = {isa = PBXFileReference; lastKnownFileType = sourcecode.swift; path = SceneDelegate.swift; sourceTree = "<group>"; };
		9F17B44A2A17AFA3005B2262 /* ViewController.swift */ = {isa = PBXFileReference; lastKnownFileType = sourcecode.swift; path = ViewController.swift; sourceTree = "<group>"; };
		9F17B44D2A17AFA3005B2262 /* Base */ = {isa = PBXFileReference; lastKnownFileType = file.storyboard; name = Base; path = Base.lproj/Main.storyboard; sourceTree = "<group>"; };
		9F17B44F2A17AFA4005B2262 /* Assets.xcassets */ = {isa = PBXFileReference; lastKnownFileType = folder.assetcatalog; path = Assets.xcassets; sourceTree = "<group>"; };
		9F17B4522A17AFA4005B2262 /* Base */ = {isa = PBXFileReference; lastKnownFileType = file.storyboard; name = Base; path = Base.lproj/LaunchScreen.storyboard; sourceTree = "<group>"; };
		9F17B4542A17AFA4005B2262 /* Info.plist */ = {isa = PBXFileReference; lastKnownFileType = text.plist.xml; path = Info.plist; sourceTree = "<group>"; };
		9F17B4662A191413005B2262 /* APIKey.swift */ = {isa = PBXFileReference; lastKnownFileType = sourcecode.swift; path = APIKey.swift; sourceTree = "<group>"; };
		9F17B4682A1B3081005B2262 /* HotPepperAPIService.swift */ = {isa = PBXFileReference; lastKnownFileType = sourcecode.swift; path = HotPepperAPIService.swift; sourceTree = "<group>"; };
		9F17B46A2A1B3477005B2262 /* GourmetResponse.swift */ = {isa = PBXFileReference; lastKnownFileType = sourcecode.swift; path = GourmetResponse.swift; sourceTree = "<group>"; };
		9F17B46C2A1B3CF6005B2262 /* APIError.swift */ = {isa = PBXFileReference; lastKnownFileType = sourcecode.swift; path = APIError.swift; sourceTree = "<group>"; };
		9F17B46E2A1C729D005B2262 /* LocationManager.swift */ = {isa = PBXFileReference; lastKnownFileType = sourcecode.swift; path = LocationManager.swift; sourceTree = "<group>"; };
		9F17B4742A1CAE12005B2262 /* RestaurantCustomCell.swift */ = {isa = PBXFileReference; lastKnownFileType = sourcecode.swift; path = RestaurantCustomCell.swift; sourceTree = "<group>"; };
		9F17B4772A1CAE4B005B2262 /* RestaurantCustomCell.xib */ = {isa = PBXFileReference; lastKnownFileType = file.xib; path = RestaurantCustomCell.xib; sourceTree = "<group>"; };
		9FF0FE982A1FAE8C00280699 /* UIAlertControllerswift.swift */ = {isa = PBXFileReference; lastKnownFileType = sourcecode.swift; path = UIAlertControllerswift.swift; sourceTree = "<group>"; };
/* End PBXFileReference section */

/* Begin PBXFrameworksBuildPhase section */
		9F17B4402A17AFA3005B2262 /* Frameworks */ = {
			isa = PBXFrameworksBuildPhase;
			buildActionMask = 2147483647;
			files = (
				9F17B47F2A1E6C38005B2262 /* NukeUI in Frameworks */,
				9F17B47B2A1E6C38005B2262 /* Nuke in Frameworks */,
				9F17B47D2A1E6C38005B2262 /* NukeExtensions in Frameworks */,
			);
			runOnlyForDeploymentPostprocessing = 0;
		};
/* End PBXFrameworksBuildPhase section */

/* Begin PBXGroup section */
		9F17B43A2A17AFA3005B2262 = {
			isa = PBXGroup;
			children = (
				9F17B4452A17AFA3005B2262 /* RestaurantSearchApp */,
				9F17B4442A17AFA3005B2262 /* Products */,
			);
			sourceTree = "<group>";
		};
		9F17B4442A17AFA3005B2262 /* Products */ = {
			isa = PBXGroup;
			children = (
				9F17B4432A17AFA3005B2262 /* RestaurantSearchApp.app */,
			);
			name = Products;
			sourceTree = "<group>";
		};
		9F17B4452A17AFA3005B2262 /* RestaurantSearchApp */ = {
			isa = PBXGroup;
			children = (
				9F17B4702A1CAD58005B2262 /* Model */,
				9F17B4712A1CAD61005B2262 /* View */,
				9F17B4732A1CAD94005B2262 /* Storyboard */,
				9FF0FE982A1FAE8C00280699 /* UIAlertControllerswift.swift */,
				9F17B4462A17AFA3005B2262 /* AppDelegate.swift */,
				9F17B4482A17AFA3005B2262 /* SceneDelegate.swift */,
				9F17B4662A191413005B2262 /* APIKey.swift */,
				9F17B44F2A17AFA4005B2262 /* Assets.xcassets */,
				9F17B4512A17AFA4005B2262 /* LaunchScreen.storyboard */,
				9F17B4542A17AFA4005B2262 /* Info.plist */,
			);
			path = RestaurantSearchApp;
			sourceTree = "<group>";
		};
		9F17B4702A1CAD58005B2262 /* Model */ = {
			isa = PBXGroup;
			children = (
				9F17B46C2A1B3CF6005B2262 /* APIError.swift */,
				9F17B46E2A1C729D005B2262 /* LocationManager.swift */,
				9F17B4682A1B3081005B2262 /* HotPepperAPIService.swift */,
				9F17B46A2A1B3477005B2262 /* GourmetResponse.swift */,
			);
			path = Model;
			sourceTree = "<group>";
		};
		9F17B4712A1CAD61005B2262 /* View */ = {
			isa = PBXGroup;
			children = (
				9F17B44A2A17AFA3005B2262 /* ViewController.swift */,
				9F17B4742A1CAE12005B2262 /* RestaurantCustomCell.swift */,
				9F17B4772A1CAE4B005B2262 /* RestaurantCustomCell.xib */,
			);
			path = View;
			sourceTree = "<group>";
		};
		9F17B4732A1CAD94005B2262 /* Storyboard */ = {
			isa = PBXGroup;
			children = (
				9F17B44C2A17AFA3005B2262 /* Main.storyboard */,
			);
			path = Storyboard;
			sourceTree = "<group>";
		};
/* End PBXGroup section */

/* Begin PBXNativeTarget section */
		9F17B4422A17AFA3005B2262 /* RestaurantSearchApp */ = {
			isa = PBXNativeTarget;
			buildConfigurationList = 9F17B4572A17AFA4005B2262 /* Build configuration list for PBXNativeTarget "RestaurantSearchApp" */;
			buildPhases = (
				9F17B43F2A17AFA3005B2262 /* Sources */,
				9F17B4402A17AFA3005B2262 /* Frameworks */,
				9F17B4412A17AFA3005B2262 /* Resources */,
			);
			buildRules = (
			);
			dependencies = (
			);
			name = RestaurantSearchApp;
			packageProductDependencies = (
				9F17B47A2A1E6C38005B2262 /* Nuke */,
				9F17B47C2A1E6C38005B2262 /* NukeExtensions */,
				9F17B47E2A1E6C38005B2262 /* NukeUI */,
			);
			productName = RestaurantSearchApp;
			productReference = 9F17B4432A17AFA3005B2262 /* RestaurantSearchApp.app */;
			productType = "com.apple.product-type.application";
		};
/* End PBXNativeTarget section */

/* Begin PBXProject section */
		9F17B43B2A17AFA3005B2262 /* Project object */ = {
			isa = PBXProject;
			attributes = {
				BuildIndependentTargetsInParallel = 1;
				LastSwiftUpdateCheck = 1430;
				LastUpgradeCheck = 1430;
				TargetAttributes = {
					9F17B4422A17AFA3005B2262 = {
						CreatedOnToolsVersion = 14.3;
					};
				};
			};
			buildConfigurationList = 9F17B43E2A17AFA3005B2262 /* Build configuration list for PBXProject "RestaurantSearchApp" */;
			compatibilityVersion = "Xcode 14.0";
			developmentRegion = en;
			hasScannedForEncodings = 0;
			knownRegions = (
				en,
				Base,
			);
			mainGroup = 9F17B43A2A17AFA3005B2262;
			packageReferences = (
				9F17B4792A1E6C38005B2262 /* XCRemoteSwiftPackageReference "Nuke" */,
			);
			productRefGroup = 9F17B4442A17AFA3005B2262 /* Products */;
			projectDirPath = "";
			projectRoot = "";
			targets = (
				9F17B4422A17AFA3005B2262 /* RestaurantSearchApp */,
			);
		};
/* End PBXProject section */

/* Begin PBXResourcesBuildPhase section */
		9F17B4412A17AFA3005B2262 /* Resources */ = {
			isa = PBXResourcesBuildPhase;
			buildActionMask = 2147483647;
			files = (
				9F17B4532A17AFA4005B2262 /* LaunchScreen.storyboard in Resources */,
				9F17B4782A1CAE4B005B2262 /* RestaurantCustomCell.xib in Resources */,
				9F17B4502A17AFA4005B2262 /* Assets.xcassets in Resources */,
				9F17B44E2A17AFA3005B2262 /* Main.storyboard in Resources */,
			);
			runOnlyForDeploymentPostprocessing = 0;
		};
/* End PBXResourcesBuildPhase section */

/* Begin PBXSourcesBuildPhase section */
		9F17B43F2A17AFA3005B2262 /* Sources */ = {
			isa = PBXSourcesBuildPhase;
			buildActionMask = 2147483647;
			files = (
				9FF0FE992A1FAE8C00280699 /* UIAlertControllerswift.swift in Sources */,
				9F17B44B2A17AFA3005B2262 /* ViewController.swift in Sources */,
				9F17B4472A17AFA3005B2262 /* AppDelegate.swift in Sources */,
				9F17B4672A191413005B2262 /* APIKey.swift in Sources */,
				9F17B4692A1B3081005B2262 /* HotPepperAPIService.swift in Sources */,
				9F17B46F2A1C729D005B2262 /* LocationManager.swift in Sources */,
				9F17B4752A1CAE12005B2262 /* RestaurantCustomCell.swift in Sources */,
				9F17B46B2A1B3477005B2262 /* GourmetResponse.swift in Sources */,
				9F17B4492A17AFA3005B2262 /* SceneDelegate.swift in Sources */,
				9F17B46D2A1B3CF6005B2262 /* APIError.swift in Sources */,
			);
			runOnlyForDeploymentPostprocessing = 0;
		};
/* End PBXSourcesBuildPhase section */

/* Begin PBXVariantGroup section */
		9F17B44C2A17AFA3005B2262 /* Main.storyboard */ = {
			isa = PBXVariantGroup;
			children = (
				9F17B44D2A17AFA3005B2262 /* Base */,
			);
			name = Main.storyboard;
			sourceTree = "<group>";
		};
		9F17B4512A17AFA4005B2262 /* LaunchScreen.storyboard */ = {
			isa = PBXVariantGroup;
			children = (
				9F17B4522A17AFA4005B2262 /* Base */,
			);
			name = LaunchScreen.storyboard;
			sourceTree = "<group>";
		};
/* End PBXVariantGroup section */

/* Begin XCBuildConfiguration section */
		9F17B4552A17AFA4005B2262 /* Debug */ = {
			isa = XCBuildConfiguration;
			buildSettings = {
				ALWAYS_SEARCH_USER_PATHS = NO;
				CLANG_ANALYZER_NONNULL = YES;
				CLANG_ANALYZER_NUMBER_OBJECT_CONVERSION = YES_AGGRESSIVE;
				CLANG_CXX_LANGUAGE_STANDARD = "gnu++20";
				CLANG_ENABLE_MODULES = YES;
				CLANG_ENABLE_OBJC_ARC = YES;
				CLANG_ENABLE_OBJC_WEAK = YES;
				CLANG_WARN_BLOCK_CAPTURE_AUTORELEASING = YES;
				CLANG_WARN_BOOL_CONVERSION = YES;
				CLANG_WARN_COMMA = YES;
				CLANG_WARN_CONSTANT_CONVERSION = YES;
				CLANG_WARN_DEPRECATED_OBJC_IMPLEMENTATIONS = YES;
				CLANG_WARN_DIRECT_OBJC_ISA_USAGE = YES_ERROR;
				CLANG_WARN_DOCUMENTATION_COMMENTS = YES;
				CLANG_WARN_EMPTY_BODY = YES;
				CLANG_WARN_ENUM_CONVERSION = YES;
				CLANG_WARN_INFINITE_RECURSION = YES;
				CLANG_WARN_INT_CONVERSION = YES;
				CLANG_WARN_NON_LITERAL_NULL_CONVERSION = YES;
				CLANG_WARN_OBJC_IMPLICIT_RETAIN_SELF = YES;
				CLANG_WARN_OBJC_LITERAL_CONVERSION = YES;
				CLANG_WARN_OBJC_ROOT_CLASS = YES_ERROR;
				CLANG_WARN_QUOTED_INCLUDE_IN_FRAMEWORK_HEADER = YES;
				CLANG_WARN_RANGE_LOOP_ANALYSIS = YES;
				CLANG_WARN_STRICT_PROTOTYPES = YES;
				CLANG_WARN_SUSPICIOUS_MOVE = YES;
				CLANG_WARN_UNGUARDED_AVAILABILITY = YES_AGGRESSIVE;
				CLANG_WARN_UNREACHABLE_CODE = YES;
				CLANG_WARN__DUPLICATE_METHOD_MATCH = YES;
				COPY_PHASE_STRIP = NO;
				DEBUG_INFORMATION_FORMAT = dwarf;
				ENABLE_STRICT_OBJC_MSGSEND = YES;
				ENABLE_TESTABILITY = YES;
				GCC_C_LANGUAGE_STANDARD = gnu11;
				GCC_DYNAMIC_NO_PIC = NO;
				GCC_NO_COMMON_BLOCKS = YES;
				GCC_OPTIMIZATION_LEVEL = 0;
				GCC_PREPROCESSOR_DEFINITIONS = (
					"DEBUG=1",
					"$(inherited)",
				);
				GCC_WARN_64_TO_32_BIT_CONVERSION = YES;
				GCC_WARN_ABOUT_RETURN_TYPE = YES_ERROR;
				GCC_WARN_UNDECLARED_SELECTOR = YES;
				GCC_WARN_UNINITIALIZED_AUTOS = YES_AGGRESSIVE;
				GCC_WARN_UNUSED_FUNCTION = YES;
				GCC_WARN_UNUSED_VARIABLE = YES;
				IPHONEOS_DEPLOYMENT_TARGET = 16.4;
				MTL_ENABLE_DEBUG_INFO = INCLUDE_SOURCE;
				MTL_FAST_MATH = YES;
				ONLY_ACTIVE_ARCH = YES;
				SDKROOT = iphoneos;
				SWIFT_ACTIVE_COMPILATION_CONDITIONS = DEBUG;
				SWIFT_OPTIMIZATION_LEVEL = "-Onone";
			};
			name = Debug;
		};
		9F17B4562A17AFA4005B2262 /* Release */ = {
			isa = XCBuildConfiguration;
			buildSettings = {
				ALWAYS_SEARCH_USER_PATHS = NO;
				CLANG_ANALYZER_NONNULL = YES;
				CLANG_ANALYZER_NUMBER_OBJECT_CONVERSION = YES_AGGRESSIVE;
				CLANG_CXX_LANGUAGE_STANDARD = "gnu++20";
				CLANG_ENABLE_MODULES = YES;
				CLANG_ENABLE_OBJC_ARC = YES;
				CLANG_ENABLE_OBJC_WEAK = YES;
				CLANG_WARN_BLOCK_CAPTURE_AUTORELEASING = YES;
				CLANG_WARN_BOOL_CONVERSION = YES;
				CLANG_WARN_COMMA = YES;
				CLANG_WARN_CONSTANT_CONVERSION = YES;
				CLANG_WARN_DEPRECATED_OBJC_IMPLEMENTATIONS = YES;
				CLANG_WARN_DIRECT_OBJC_ISA_USAGE = YES_ERROR;
				CLANG_WARN_DOCUMENTATION_COMMENTS = YES;
				CLANG_WARN_EMPTY_BODY = YES;
				CLANG_WARN_ENUM_CONVERSION = YES;
				CLANG_WARN_INFINITE_RECURSION = YES;
				CLANG_WARN_INT_CONVERSION = YES;
				CLANG_WARN_NON_LITERAL_NULL_CONVERSION = YES;
				CLANG_WARN_OBJC_IMPLICIT_RETAIN_SELF = YES;
				CLANG_WARN_OBJC_LITERAL_CONVERSION = YES;
				CLANG_WARN_OBJC_ROOT_CLASS = YES_ERROR;
				CLANG_WARN_QUOTED_INCLUDE_IN_FRAMEWORK_HEADER = YES;
				CLANG_WARN_RANGE_LOOP_ANALYSIS = YES;
				CLANG_WARN_STRICT_PROTOTYPES = YES;
				CLANG_WARN_SUSPICIOUS_MOVE = YES;
				CLANG_WARN_UNGUARDED_AVAILABILITY = YES_AGGRESSIVE;
				CLANG_WARN_UNREACHABLE_CODE = YES;
				CLANG_WARN__DUPLICATE_METHOD_MATCH = YES;
				COPY_PHASE_STRIP = NO;
				DEBUG_INFORMATION_FORMAT = "dwarf-with-dsym";
				ENABLE_NS_ASSERTIONS = NO;
				ENABLE_STRICT_OBJC_MSGSEND = YES;
				GCC_C_LANGUAGE_STANDARD = gnu11;
				GCC_NO_COMMON_BLOCKS = YES;
				GCC_WARN_64_TO_32_BIT_CONVERSION = YES;
				GCC_WARN_ABOUT_RETURN_TYPE = YES_ERROR;
				GCC_WARN_UNDECLARED_SELECTOR = YES;
				GCC_WARN_UNINITIALIZED_AUTOS = YES_AGGRESSIVE;
				GCC_WARN_UNUSED_FUNCTION = YES;
				GCC_WARN_UNUSED_VARIABLE = YES;
				IPHONEOS_DEPLOYMENT_TARGET = 16.4;
				MTL_ENABLE_DEBUG_INFO = NO;
				MTL_FAST_MATH = YES;
				SDKROOT = iphoneos;
				SWIFT_COMPILATION_MODE = wholemodule;
				SWIFT_OPTIMIZATION_LEVEL = "-O";
				VALIDATE_PRODUCT = YES;
			};
			name = Release;
		};
		9F17B4582A17AFA4005B2262 /* Debug */ = {
			isa = XCBuildConfiguration;
			buildSettings = {
				ASSETCATALOG_COMPILER_APPICON_NAME = AppIcon;
				ASSETCATALOG_COMPILER_GLOBAL_ACCENT_COLOR_NAME = AccentColor;
				CODE_SIGN_STYLE = Automatic;
				CURRENT_PROJECT_VERSION = 1;
				DEVELOPMENT_TEAM = QU5MY7WAK3;
				GENERATE_INFOPLIST_FILE = YES;
				INFOPLIST_FILE = RestaurantSearchApp/Info.plist;
				INFOPLIST_KEY_NSLocationAlwaysAndWhenInUseUsageDescription = "近くのお店を探すのに位置情報を使用します。";
				INFOPLIST_KEY_NSLocationWhenInUseUsageDescription = "近くのお店を探すのに位置情報を使用します。";
				INFOPLIST_KEY_UIApplicationSupportsIndirectInputEvents = YES;
				INFOPLIST_KEY_UILaunchStoryboardName = LaunchScreen;
				INFOPLIST_KEY_UIMainStoryboardFile = Main;
				INFOPLIST_KEY_UISupportedInterfaceOrientations_iPad = "UIInterfaceOrientationPortrait UIInterfaceOrientationPortraitUpsideDown UIInterfaceOrientationLandscapeLeft UIInterfaceOrientationLandscapeRight";
				INFOPLIST_KEY_UISupportedInterfaceOrientations_iPhone = "UIInterfaceOrientationPortrait UIInterfaceOrientationLandscapeLeft UIInterfaceOrientationLandscapeRight";
				LD_RUNPATH_SEARCH_PATHS = (
					"$(inherited)",
					"@executable_path/Frameworks",
				);
				MARKETING_VERSION = 1.0;
				PRODUCT_BUNDLE_IDENTIFIER = "jp.ac.kyusan-u.RestaurantSearchApp";
				PRODUCT_NAME = "$(TARGET_NAME)";
				SWIFT_EMIT_LOC_STRINGS = YES;
				SWIFT_VERSION = 5.0;
				TARGETED_DEVICE_FAMILY = "1,2";
			};
			name = Debug;
		};
		9F17B4592A17AFA4005B2262 /* Release */ = {
			isa = XCBuildConfiguration;
			buildSettings = {
				ASSETCATALOG_COMPILER_APPICON_NAME = AppIcon;
				ASSETCATALOG_COMPILER_GLOBAL_ACCENT_COLOR_NAME = AccentColor;
				CODE_SIGN_STYLE = Automatic;
				CURRENT_PROJECT_VERSION = 1;
				DEVELOPMENT_TEAM = QU5MY7WAK3;
				GENERATE_INFOPLIST_FILE = YES;
				INFOPLIST_FILE = RestaurantSearchApp/Info.plist;
				INFOPLIST_KEY_NSLocationAlwaysAndWhenInUseUsageDescription = "近くのお店を探すのに位置情報を使用します。";
				INFOPLIST_KEY_NSLocationWhenInUseUsageDescription = "近くのお店を探すのに位置情報を使用します。";
				INFOPLIST_KEY_UIApplicationSupportsIndirectInputEvents = YES;
				INFOPLIST_KEY_UILaunchStoryboardName = LaunchScreen;
				INFOPLIST_KEY_UIMainStoryboardFile = Main;
				INFOPLIST_KEY_UISupportedInterfaceOrientations_iPad = "UIInterfaceOrientationPortrait UIInterfaceOrientationPortraitUpsideDown UIInterfaceOrientationLandscapeLeft UIInterfaceOrientationLandscapeRight";
				INFOPLIST_KEY_UISupportedInterfaceOrientations_iPhone = "UIInterfaceOrientationPortrait UIInterfaceOrientationLandscapeLeft UIInterfaceOrientationLandscapeRight";
				LD_RUNPATH_SEARCH_PATHS = (
					"$(inherited)",
					"@executable_path/Frameworks",
				);
				MARKETING_VERSION = 1.0;
				PRODUCT_BUNDLE_IDENTIFIER = "jp.ac.kyusan-u.RestaurantSearchApp";
				PRODUCT_NAME = "$(TARGET_NAME)";
				SWIFT_EMIT_LOC_STRINGS = YES;
				SWIFT_VERSION = 5.0;
				TARGETED_DEVICE_FAMILY = "1,2";
			};
			name = Release;
		};
/* End XCBuildConfiguration section */

/* Begin XCConfigurationList section */
		9F17B43E2A17AFA3005B2262 /* Build configuration list for PBXProject "RestaurantSearchApp" */ = {
			isa = XCConfigurationList;
			buildConfigurations = (
				9F17B4552A17AFA4005B2262 /* Debug */,
				9F17B4562A17AFA4005B2262 /* Release */,
			);
			defaultConfigurationIsVisible = 0;
			defaultConfigurationName = Release;
		};
		9F17B4572A17AFA4005B2262 /* Build configuration list for PBXNativeTarget "RestaurantSearchApp" */ = {
			isa = XCConfigurationList;
			buildConfigurations = (
				9F17B4582A17AFA4005B2262 /* Debug */,
				9F17B4592A17AFA4005B2262 /* Release */,
			);
			defaultConfigurationIsVisible = 0;
			defaultConfigurationName = Release;
		};
/* End XCConfigurationList section */

/* Begin XCRemoteSwiftPackageReference section */
		9F17B4792A1E6C38005B2262 /* XCRemoteSwiftPackageReference "Nuke" */ = {
			isa = XCRemoteSwiftPackageReference;
			repositoryURL = "https://github.com/kean/Nuke";
			requirement = {
				kind = upToNextMajorVersion;
				minimumVersion = 12.0.0;
			};
		};
/* End XCRemoteSwiftPackageReference section */

/* Begin XCSwiftPackageProductDependency section */
		9F17B47A2A1E6C38005B2262 /* Nuke */ = {
			isa = XCSwiftPackageProductDependency;
			package = 9F17B4792A1E6C38005B2262 /* XCRemoteSwiftPackageReference "Nuke" */;
			productName = Nuke;
		};
		9F17B47C2A1E6C38005B2262 /* NukeExtensions */ = {
			isa = XCSwiftPackageProductDependency;
			package = 9F17B4792A1E6C38005B2262 /* XCRemoteSwiftPackageReference "Nuke" */;
			productName = NukeExtensions;
		};
		9F17B47E2A1E6C38005B2262 /* NukeUI */ = {
			isa = XCSwiftPackageProductDependency;
			package = 9F17B4792A1E6C38005B2262 /* XCRemoteSwiftPackageReference "Nuke" */;
			productName = NukeUI;
		};
/* End XCSwiftPackageProductDependency section */
	};
	rootObject = 9F17B43B2A17AFA3005B2262 /* Project object */;
}
